// !$*UTF8*$!
{
	archiveVersion = 1;
	classes = {
	};
	objectVersion = 56;
	objects = {

/* Begin PBXBuildFile section */
		EE19573B2A19810900EF4B2D /* NotificationsViewController.swift in Sources */ = {isa = PBXBuildFile; fileRef = EE19573A2A19810900EF4B2D /* NotificationsViewController.swift */; };
		EE19573D2A1985A600EF4B2D /* Notification.swift in Sources */ = {isa = PBXBuildFile; fileRef = EE19573C2A1985A600EF4B2D /* Notification.swift */; };
		EE19573F2A19879100EF4B2D /* LikeNotificationTableViewCell.swift in Sources */ = {isa = PBXBuildFile; fileRef = EE19573E2A19879100EF4B2D /* LikeNotificationTableViewCell.swift */; };
		EE1957412A19908B00EF4B2D /* NotificationType.swift in Sources */ = {isa = PBXBuildFile; fileRef = EE1957402A19908B00EF4B2D /* NotificationType.swift */; };
		EE1957442A19911000EF4B2D /* CommentNotificationTableViewCell.swift in Sources */ = {isa = PBXBuildFile; fileRef = EE1957432A19911000EF4B2D /* CommentNotificationTableViewCell.swift */; };
		EE1957462A19915800EF4B2D /* SubscriptionNotificationTableViewCell.swift in Sources */ = {isa = PBXBuildFile; fileRef = EE1957452A19915800EF4B2D /* SubscriptionNotificationTableViewCell.swift */; };
		EE1957482A19939A00EF4B2D /* NotificationSection.swift in Sources */ = {isa = PBXBuildFile; fileRef = EE1957472A19939A00EF4B2D /* NotificationSection.swift */; };
		EE19574A2A199C9C00EF4B2D /* Constants.swift in Sources */ = {isa = PBXBuildFile; fileRef = EE1957492A199C9C00EF4B2D /* Constants.swift */; };
		EE1957502A1ACB2300EF4B2D /* UserBioTableViewCell.swift in Sources */ = {isa = PBXBuildFile; fileRef = EE19574F2A1ACB2300EF4B2D /* UserBioTableViewCell.swift */; };
		EE1957522A1AD19800EF4B2D /* PublicationsTableViewCell.swift in Sources */ = {isa = PBXBuildFile; fileRef = EE1957512A1AD19800EF4B2D /* PublicationsTableViewCell.swift */; };
		EE775CCF2A3E3038009DA20F /* PublicationCollectionViewCell.swift in Sources */ = {isa = PBXBuildFile; fileRef = EE775CCE2A3E3038009DA20F /* PublicationCollectionViewCell.swift */; };
		EE775CD32A421859009DA20F /* StoriesForUserAccountTableViewCell.swift in Sources */ = {isa = PBXBuildFile; fileRef = EE775CD22A421859009DA20F /* StoriesForUserAccountTableViewCell.swift */; };
		EE775CD52A426236009DA20F /* Story.swift in Sources */ = {isa = PBXBuildFile; fileRef = EE775CD42A426236009DA20F /* Story.swift */; };
		EE775CD72A426318009DA20F /* StoriesTableViewCell.swift in Sources */ = {isa = PBXBuildFile; fileRef = EE775CD62A426318009DA20F /* StoriesTableViewCell.swift */; };
		EE775CD92A426F45009DA20F /* PublicationsHeaderTableViewCell.swift in Sources */ = {isa = PBXBuildFile; fileRef = EE775CD82A426F45009DA20F /* PublicationsHeaderTableViewCell.swift */; };
		EE9E39C82985B104007BADE5 /* AppDelegate.swift in Sources */ = {isa = PBXBuildFile; fileRef = EE9E39C72985B104007BADE5 /* AppDelegate.swift */; };
		EE9E39CA2985B104007BADE5 /* SceneDelegate.swift in Sources */ = {isa = PBXBuildFile; fileRef = EE9E39C92985B104007BADE5 /* SceneDelegate.swift */; };
		EE9E39CC2985B104007BADE5 /* NewsFeedViewControllerViewController.swift in Sources */ = {isa = PBXBuildFile; fileRef = EE9E39CB2985B104007BADE5 /* NewsFeedViewControllerViewController.swift */; };
		EE9E39CF2985B104007BADE5 /* Main.storyboard in Resources */ = {isa = PBXBuildFile; fileRef = EE9E39CD2985B104007BADE5 /* Main.storyboard */; };
		EE9E39D12985B106007BADE5 /* Assets.xcassets in Resources */ = {isa = PBXBuildFile; fileRef = EE9E39D02985B106007BADE5 /* Assets.xcassets */; };
		EE9E39D42985B106007BADE5 /* LaunchScreen.storyboard in Resources */ = {isa = PBXBuildFile; fileRef = EE9E39D22985B106007BADE5 /* LaunchScreen.storyboard */; };
		EEE456792A0D36C200D4208C /* RecommendationViewController.swift in Sources */ = {isa = PBXBuildFile; fileRef = EEE456782A0D36C200D4208C /* RecommendationViewController.swift */; };
		EEE4567B2A0D37F200D4208C /* AddPublicationViewController.swift in Sources */ = {isa = PBXBuildFile; fileRef = EEE4567A2A0D37F200D4208C /* AddPublicationViewController.swift */; };
		EEE4567D2A0D380600D4208C /* ReelsViewController.swift in Sources */ = {isa = PBXBuildFile; fileRef = EEE4567C2A0D380600D4208C /* ReelsViewController.swift */; };
		EEE4567F2A0D382A00D4208C /* UserAccountViewController.swift in Sources */ = {isa = PBXBuildFile; fileRef = EEE4567E2A0D382A00D4208C /* UserAccountViewController.swift */; };
		EEE456832A0D7A1400D4208C /* StoriesForNewsFeedTableViewCell.swift in Sources */ = {isa = PBXBuildFile; fileRef = EEE456822A0D7A1400D4208C /* StoriesForNewsFeedTableViewCell.swift */; };
		EEE456852A0D967D00D4208C /* Publication.swift in Sources */ = {isa = PBXBuildFile; fileRef = EEE456842A0D967D00D4208C /* Publication.swift */; };
		EEE4568D2A1037D900D4208C /* PublicationTableViewCell.swift in Sources */ = {isa = PBXBuildFile; fileRef = EEE4568C2A1037D900D4208C /* PublicationTableViewCell.swift */; };
		EEE4568F2A1043AD00D4208C /* User.swift in Sources */ = {isa = PBXBuildFile; fileRef = EEE4568E2A1043AD00D4208C /* User.swift */; };
/* End PBXBuildFile section */

/* Begin PBXFileReference section */
		EE19573A2A19810900EF4B2D /* NotificationsViewController.swift */ = {isa = PBXFileReference; lastKnownFileType = sourcecode.swift; path = NotificationsViewController.swift; sourceTree = "<group>"; };
		EE19573C2A1985A600EF4B2D /* Notification.swift */ = {isa = PBXFileReference; lastKnownFileType = sourcecode.swift; path = Notification.swift; sourceTree = "<group>"; };
		EE19573E2A19879100EF4B2D /* LikeNotificationTableViewCell.swift */ = {isa = PBXFileReference; lastKnownFileType = sourcecode.swift; path = LikeNotificationTableViewCell.swift; sourceTree = "<group>"; };
		EE1957402A19908B00EF4B2D /* NotificationType.swift */ = {isa = PBXFileReference; lastKnownFileType = sourcecode.swift; path = NotificationType.swift; sourceTree = "<group>"; };
		EE1957432A19911000EF4B2D /* CommentNotificationTableViewCell.swift */ = {isa = PBXFileReference; lastKnownFileType = sourcecode.swift; path = CommentNotificationTableViewCell.swift; sourceTree = "<group>"; };
		EE1957452A19915800EF4B2D /* SubscriptionNotificationTableViewCell.swift */ = {isa = PBXFileReference; lastKnownFileType = sourcecode.swift; path = SubscriptionNotificationTableViewCell.swift; sourceTree = "<group>"; };
		EE1957472A19939A00EF4B2D /* NotificationSection.swift */ = {isa = PBXFileReference; lastKnownFileType = sourcecode.swift; path = NotificationSection.swift; sourceTree = "<group>"; };
		EE1957492A199C9C00EF4B2D /* Constants.swift */ = {isa = PBXFileReference; lastKnownFileType = sourcecode.swift; path = Constants.swift; sourceTree = "<group>"; };
		EE19574F2A1ACB2300EF4B2D /* UserBioTableViewCell.swift */ = {isa = PBXFileReference; lastKnownFileType = sourcecode.swift; name = UserBioTableViewCell.swift; path = "UIKit Homeworks/UserBioTableViewCell.swift"; sourceTree = SOURCE_ROOT; };
		EE1957512A1AD19800EF4B2D /* PublicationsTableViewCell.swift */ = {isa = PBXFileReference; lastKnownFileType = sourcecode.swift; path = PublicationsTableViewCell.swift; sourceTree = SOURCE_ROOT; };
		EE775CCE2A3E3038009DA20F /* PublicationCollectionViewCell.swift */ = {isa = PBXFileReference; lastKnownFileType = sourcecode.swift; path = PublicationCollectionViewCell.swift; sourceTree = "<group>"; };
		EE775CD22A421859009DA20F /* StoriesForUserAccountTableViewCell.swift */ = {isa = PBXFileReference; lastKnownFileType = sourcecode.swift; path = StoriesForUserAccountTableViewCell.swift; sourceTree = "<group>"; };
		EE775CD42A426236009DA20F /* Story.swift */ = {isa = PBXFileReference; lastKnownFileType = sourcecode.swift; path = Story.swift; sourceTree = "<group>"; };
		EE775CD62A426318009DA20F /* StoriesTableViewCell.swift */ = {isa = PBXFileReference; lastKnownFileType = sourcecode.swift; path = StoriesTableViewCell.swift; sourceTree = "<group>"; };
		EE775CD82A426F45009DA20F /* PublicationsHeaderTableViewCell.swift */ = {isa = PBXFileReference; lastKnownFileType = sourcecode.swift; path = PublicationsHeaderTableViewCell.swift; sourceTree = "<group>"; };
		EE9E39C42985B104007BADE5 /* UIKit Homeworks.app */ = {isa = PBXFileReference; explicitFileType = wrapper.application; includeInIndex = 0; path = "UIKit Homeworks.app"; sourceTree = BUILT_PRODUCTS_DIR; };
		EE9E39C72985B104007BADE5 /* AppDelegate.swift */ = {isa = PBXFileReference; lastKnownFileType = sourcecode.swift; path = AppDelegate.swift; sourceTree = "<group>"; };
		EE9E39C92985B104007BADE5 /* SceneDelegate.swift */ = {isa = PBXFileReference; lastKnownFileType = sourcecode.swift; path = SceneDelegate.swift; sourceTree = "<group>"; };
		EE9E39CB2985B104007BADE5 /* NewsFeedViewControllerViewController.swift */ = {isa = PBXFileReference; lastKnownFileType = sourcecode.swift; path = NewsFeedViewControllerViewController.swift; sourceTree = "<group>"; };
		EE9E39CE2985B104007BADE5 /* Base */ = {isa = PBXFileReference; lastKnownFileType = file.storyboard; name = Base; path = Base.lproj/Main.storyboard; sourceTree = "<group>"; };
		EE9E39D02985B106007BADE5 /* Assets.xcassets */ = {isa = PBXFileReference; lastKnownFileType = folder.assetcatalog; path = Assets.xcassets; sourceTree = "<group>"; };
		EE9E39D32985B106007BADE5 /* Base */ = {isa = PBXFileReference; lastKnownFileType = file.storyboard; name = Base; path = Base.lproj/LaunchScreen.storyboard; sourceTree = "<group>"; };
		EE9E39D52985B106007BADE5 /* Info.plist */ = {isa = PBXFileReference; lastKnownFileType = text.plist.xml; path = Info.plist; sourceTree = "<group>"; };
		EEE456782A0D36C200D4208C /* RecommendationViewController.swift */ = {isa = PBXFileReference; lastKnownFileType = sourcecode.swift; path = RecommendationViewController.swift; sourceTree = "<group>"; };
		EEE4567A2A0D37F200D4208C /* AddPublicationViewController.swift */ = {isa = PBXFileReference; lastKnownFileType = sourcecode.swift; path = AddPublicationViewController.swift; sourceTree = "<group>"; };
		EEE4567C2A0D380600D4208C /* ReelsViewController.swift */ = {isa = PBXFileReference; lastKnownFileType = sourcecode.swift; path = ReelsViewController.swift; sourceTree = "<group>"; };
		EEE4567E2A0D382A00D4208C /* UserAccountViewController.swift */ = {isa = PBXFileReference; lastKnownFileType = sourcecode.swift; path = UserAccountViewController.swift; sourceTree = "<group>"; };
		EEE456822A0D7A1400D4208C /* StoriesForNewsFeedTableViewCell.swift */ = {isa = PBXFileReference; lastKnownFileType = sourcecode.swift; path = StoriesForNewsFeedTableViewCell.swift; sourceTree = "<group>"; };
		EEE456842A0D967D00D4208C /* Publication.swift */ = {isa = PBXFileReference; lastKnownFileType = sourcecode.swift; path = Publication.swift; sourceTree = "<group>"; };
		EEE4568C2A1037D900D4208C /* PublicationTableViewCell.swift */ = {isa = PBXFileReference; lastKnownFileType = sourcecode.swift; path = PublicationTableViewCell.swift; sourceTree = "<group>"; };
		EEE4568E2A1043AD00D4208C /* User.swift */ = {isa = PBXFileReference; lastKnownFileType = sourcecode.swift; path = User.swift; sourceTree = "<group>"; };
/* End PBXFileReference section */

/* Begin PBXFrameworksBuildPhase section */
		EE9E39C12985B104007BADE5 /* Frameworks */ = {
			isa = PBXFrameworksBuildPhase;
			buildActionMask = 2147483647;
			files = (
			);
			runOnlyForDeploymentPostprocessing = 0;
		};
/* End PBXFrameworksBuildPhase section */

/* Begin PBXGroup section */
		EE1957382A19804400EF4B2D /* Models */ = {
			isa = PBXGroup;
			children = (
				EEE4568E2A1043AD00D4208C /* User.swift */,
				EEE456842A0D967D00D4208C /* Publication.swift */,
				EE19573C2A1985A600EF4B2D /* Notification.swift */,
				EE775CD42A426236009DA20F /* Story.swift */,
				EE1957472A19939A00EF4B2D /* NotificationSection.swift */,
				EE1957492A199C9C00EF4B2D /* Constants.swift */,
				EE1957402A19908B00EF4B2D /* NotificationType.swift */,
			);
			path = Models;
			sourceTree = "<group>";
		};
		EE1957392A19807400EF4B2D /* Cells */ = {
			isa = PBXGroup;
			children = (
				EE1957512A1AD19800EF4B2D /* PublicationsTableViewCell.swift */,
				EE775CD82A426F45009DA20F /* PublicationsHeaderTableViewCell.swift */,
				EE19574F2A1ACB2300EF4B2D /* UserBioTableViewCell.swift */,
				EEE4568C2A1037D900D4208C /* PublicationTableViewCell.swift */,
				EEE456822A0D7A1400D4208C /* StoriesForNewsFeedTableViewCell.swift */,
				EE775CD62A426318009DA20F /* StoriesTableViewCell.swift */,
				EE775CD22A421859009DA20F /* StoriesForUserAccountTableViewCell.swift */,
				EE775CCE2A3E3038009DA20F /* PublicationCollectionViewCell.swift */,
				EE1957422A1990CF00EF4B2D /* NotificationTableViewCell */,
			);
			path = Cells;
			sourceTree = "<group>";
		};
		EE1957422A1990CF00EF4B2D /* NotificationTableViewCell */ = {
			isa = PBXGroup;
			children = (
				EE19573E2A19879100EF4B2D /* LikeNotificationTableViewCell.swift */,
				EE1957432A19911000EF4B2D /* CommentNotificationTableViewCell.swift */,
				EE1957452A19915800EF4B2D /* SubscriptionNotificationTableViewCell.swift */,
			);
			path = NotificationTableViewCell;
			sourceTree = "<group>";
		};
		EE9E39BB2985B103007BADE5 = {
			isa = PBXGroup;
			children = (
				EE9E39C62985B104007BADE5 /* UIKit Homeworks */,
				EE9E39C52985B104007BADE5 /* Products */,
			);
			sourceTree = "<group>";
		};
		EE9E39C52985B104007BADE5 /* Products */ = {
			isa = PBXGroup;
			children = (
				EE9E39C42985B104007BADE5 /* UIKit Homeworks.app */,
			);
			name = Products;
			sourceTree = "<group>";
		};
		EE9E39C62985B104007BADE5 /* UIKit Homeworks */ = {
			isa = PBXGroup;
			children = (
				EE9E39C72985B104007BADE5 /* AppDelegate.swift */,
				EE9E39C92985B104007BADE5 /* SceneDelegate.swift */,
				EE9E39CB2985B104007BADE5 /* NewsFeedViewControllerViewController.swift */,
				EEE456782A0D36C200D4208C /* RecommendationViewController.swift */,
				EEE4567A2A0D37F200D4208C /* AddPublicationViewController.swift */,
				EEE4567C2A0D380600D4208C /* ReelsViewController.swift */,
				EEE4567E2A0D382A00D4208C /* UserAccountViewController.swift */,
				EE19573A2A19810900EF4B2D /* NotificationsViewController.swift */,
				EE1957382A19804400EF4B2D /* Models */,
				EE1957392A19807400EF4B2D /* Cells */,
				EE9E39CD2985B104007BADE5 /* Main.storyboard */,
				EE9E39D02985B106007BADE5 /* Assets.xcassets */,
				EE9E39D22985B106007BADE5 /* LaunchScreen.storyboard */,
				EE9E39D52985B106007BADE5 /* Info.plist */,
			);
			path = "UIKit Homeworks";
			sourceTree = "<group>";
		};
/* End PBXGroup section */

/* Begin PBXNativeTarget section */
		EE9E39C32985B104007BADE5 /* UIKit Homeworks */ = {
			isa = PBXNativeTarget;
			buildConfigurationList = EE9E39D82985B106007BADE5 /* Build configuration list for PBXNativeTarget "UIKit Homeworks" */;
			buildPhases = (
				EE9E39C02985B104007BADE5 /* Sources */,
				EE9E39C12985B104007BADE5 /* Frameworks */,
				EE9E39C22985B104007BADE5 /* Resources */,
			);
			buildRules = (
			);
			dependencies = (
			);
			name = "UIKit Homeworks";
			productName = "UIKit Homeworks";
			productReference = EE9E39C42985B104007BADE5 /* UIKit Homeworks.app */;
			productType = "com.apple.product-type.application";
		};
/* End PBXNativeTarget section */

/* Begin PBXProject section */
		EE9E39BC2985B103007BADE5 /* Project object */ = {
			isa = PBXProject;
			attributes = {
				BuildIndependentTargetsInParallel = 1;
				LastSwiftUpdateCheck = 1420;
				LastUpgradeCheck = 1420;
				TargetAttributes = {
					EE9E39C32985B104007BADE5 = {
						CreatedOnToolsVersion = 14.2;
					};
				};
			};
			buildConfigurationList = EE9E39BF2985B103007BADE5 /* Build configuration list for PBXProject "UIKit Homeworks" */;
			compatibilityVersion = "Xcode 14.0";
			developmentRegion = en;
			hasScannedForEncodings = 0;
			knownRegions = (
				en,
				Base,
			);
			mainGroup = EE9E39BB2985B103007BADE5;
			productRefGroup = EE9E39C52985B104007BADE5 /* Products */;
			projectDirPath = "";
			projectRoot = "";
			targets = (
				EE9E39C32985B104007BADE5 /* UIKit Homeworks */,
			);
		};
/* End PBXProject section */

/* Begin PBXResourcesBuildPhase section */
		EE9E39C22985B104007BADE5 /* Resources */ = {
			isa = PBXResourcesBuildPhase;
			buildActionMask = 2147483647;
			files = (
				EE9E39D42985B106007BADE5 /* LaunchScreen.storyboard in Resources */,
				EE9E39D12985B106007BADE5 /* Assets.xcassets in Resources */,
				EE9E39CF2985B104007BADE5 /* Main.storyboard in Resources */,
			);
			runOnlyForDeploymentPostprocessing = 0;
		};
/* End PBXResourcesBuildPhase section */

/* Begin PBXSourcesBuildPhase section */
		EE9E39C02985B104007BADE5 /* Sources */ = {
			isa = PBXSourcesBuildPhase;
			buildActionMask = 2147483647;
			files = (
				EE19573F2A19879100EF4B2D /* LikeNotificationTableViewCell.swift in Sources */,
				EE1957502A1ACB2300EF4B2D /* UserBioTableViewCell.swift in Sources */,
				EE775CD32A421859009DA20F /* StoriesForUserAccountTableViewCell.swift in Sources */,
				EE1957522A1AD19800EF4B2D /* PublicationsTableViewCell.swift in Sources */,
				EE19574A2A199C9C00EF4B2D /* Constants.swift in Sources */,
				EE1957462A19915800EF4B2D /* SubscriptionNotificationTableViewCell.swift in Sources */,
				EE1957482A19939A00EF4B2D /* NotificationSection.swift in Sources */,
				EE9E39CC2985B104007BADE5 /* NewsFeedViewControllerViewController.swift in Sources */,
				EEE456852A0D967D00D4208C /* Publication.swift in Sources */,
				EEE456832A0D7A1400D4208C /* StoriesForNewsFeedTableViewCell.swift in Sources */,
				EE1957412A19908B00EF4B2D /* NotificationType.swift in Sources */,
				EE19573B2A19810900EF4B2D /* NotificationsViewController.swift in Sources */,
				EE775CD72A426318009DA20F /* StoriesTableViewCell.swift in Sources */,
				EEE456792A0D36C200D4208C /* RecommendationViewController.swift in Sources */,
				EE9E39C82985B104007BADE5 /* AppDelegate.swift in Sources */,
				EEE4567B2A0D37F200D4208C /* AddPublicationViewController.swift in Sources */,
				EE19573D2A1985A600EF4B2D /* Notification.swift in Sources */,
				EE775CCF2A3E3038009DA20F /* PublicationCollectionViewCell.swift in Sources */,
				EEE4567D2A0D380600D4208C /* ReelsViewController.swift in Sources */,
				EEE4568D2A1037D900D4208C /* PublicationTableViewCell.swift in Sources */,
				EE9E39CA2985B104007BADE5 /* SceneDelegate.swift in Sources */,
				EEE4567F2A0D382A00D4208C /* UserAccountViewController.swift in Sources */,
				EE1957442A19911000EF4B2D /* CommentNotificationTableViewCell.swift in Sources */,
				EEE4568F2A1043AD00D4208C /* User.swift in Sources */,
				EE775CD52A426236009DA20F /* Story.swift in Sources */,
				EE775CD92A426F45009DA20F /* PublicationsHeaderTableViewCell.swift in Sources */,
			);
			runOnlyForDeploymentPostprocessing = 0;
		};
/* End PBXSourcesBuildPhase section */

/* Begin PBXVariantGroup section */
		EE9E39CD2985B104007BADE5 /* Main.storyboard */ = {
			isa = PBXVariantGroup;
			children = (
				EE9E39CE2985B104007BADE5 /* Base */,
			);
			name = Main.storyboard;
			sourceTree = "<group>";
		};
		EE9E39D22985B106007BADE5 /* LaunchScreen.storyboard */ = {
			isa = PBXVariantGroup;
			children = (
				EE9E39D32985B106007BADE5 /* Base */,
			);
			name = LaunchScreen.storyboard;
			sourceTree = "<group>";
		};
/* End PBXVariantGroup section */

/* Begin XCBuildConfiguration section */
		EE9E39D62985B106007BADE5 /* Debug */ = {
			isa = XCBuildConfiguration;
			buildSettings = {
				ALWAYS_SEARCH_USER_PATHS = NO;
				CLANG_ANALYZER_NONNULL = YES;
				CLANG_ANALYZER_NUMBER_OBJECT_CONVERSION = YES_AGGRESSIVE;
				CLANG_CXX_LANGUAGE_STANDARD = "gnu++20";
				CLANG_ENABLE_MODULES = YES;
				CLANG_ENABLE_OBJC_ARC = YES;
				CLANG_ENABLE_OBJC_WEAK = YES;
				CLANG_WARN_BLOCK_CAPTURE_AUTORELEASING = YES;
				CLANG_WARN_BOOL_CONVERSION = YES;
				CLANG_WARN_COMMA = YES;
				CLANG_WARN_CONSTANT_CONVERSION = YES;
				CLANG_WARN_DEPRECATED_OBJC_IMPLEMENTATIONS = YES;
				CLANG_WARN_DIRECT_OBJC_ISA_USAGE = YES_ERROR;
				CLANG_WARN_DOCUMENTATION_COMMENTS = YES;
				CLANG_WARN_EMPTY_BODY = YES;
				CLANG_WARN_ENUM_CONVERSION = YES;
				CLANG_WARN_INFINITE_RECURSION = YES;
				CLANG_WARN_INT_CONVERSION = YES;
				CLANG_WARN_NON_LITERAL_NULL_CONVERSION = YES;
				CLANG_WARN_OBJC_IMPLICIT_RETAIN_SELF = YES;
				CLANG_WARN_OBJC_LITERAL_CONVERSION = YES;
				CLANG_WARN_OBJC_ROOT_CLASS = YES_ERROR;
				CLANG_WARN_QUOTED_INCLUDE_IN_FRAMEWORK_HEADER = YES;
				CLANG_WARN_RANGE_LOOP_ANALYSIS = YES;
				CLANG_WARN_STRICT_PROTOTYPES = YES;
				CLANG_WARN_SUSPICIOUS_MOVE = YES;
				CLANG_WARN_UNGUARDED_AVAILABILITY = YES_AGGRESSIVE;
				CLANG_WARN_UNREACHABLE_CODE = YES;
				CLANG_WARN__DUPLICATE_METHOD_MATCH = YES;
				COPY_PHASE_STRIP = NO;
				DEBUG_INFORMATION_FORMAT = dwarf;
				ENABLE_STRICT_OBJC_MSGSEND = YES;
				ENABLE_TESTABILITY = YES;
				GCC_C_LANGUAGE_STANDARD = gnu11;
				GCC_DYNAMIC_NO_PIC = NO;
				GCC_NO_COMMON_BLOCKS = YES;
				GCC_OPTIMIZATION_LEVEL = 0;
				GCC_PREPROCESSOR_DEFINITIONS = (
					"DEBUG=1",
					"$(inherited)",
				);
				GCC_WARN_64_TO_32_BIT_CONVERSION = YES;
				GCC_WARN_ABOUT_RETURN_TYPE = YES_ERROR;
				GCC_WARN_UNDECLARED_SELECTOR = YES;
				GCC_WARN_UNINITIALIZED_AUTOS = YES_AGGRESSIVE;
				GCC_WARN_UNUSED_FUNCTION = YES;
				GCC_WARN_UNUSED_VARIABLE = YES;
				IPHONEOS_DEPLOYMENT_TARGET = 16.2;
				MTL_ENABLE_DEBUG_INFO = INCLUDE_SOURCE;
				MTL_FAST_MATH = YES;
				ONLY_ACTIVE_ARCH = YES;
				SDKROOT = iphoneos;
				SWIFT_ACTIVE_COMPILATION_CONDITIONS = DEBUG;
				SWIFT_OPTIMIZATION_LEVEL = "-Onone";
			};
			name = Debug;
		};
		EE9E39D72985B106007BADE5 /* Release */ = {
			isa = XCBuildConfiguration;
			buildSettings = {
				ALWAYS_SEARCH_USER_PATHS = NO;
				CLANG_ANALYZER_NONNULL = YES;
				CLANG_ANALYZER_NUMBER_OBJECT_CONVERSION = YES_AGGRESSIVE;
				CLANG_CXX_LANGUAGE_STANDARD = "gnu++20";
				CLANG_ENABLE_MODULES = YES;
				CLANG_ENABLE_OBJC_ARC = YES;
				CLANG_ENABLE_OBJC_WEAK = YES;
				CLANG_WARN_BLOCK_CAPTURE_AUTORELEASING = YES;
				CLANG_WARN_BOOL_CONVERSION = YES;
				CLANG_WARN_COMMA = YES;
				CLANG_WARN_CONSTANT_CONVERSION = YES;
				CLANG_WARN_DEPRECATED_OBJC_IMPLEMENTATIONS = YES;
				CLANG_WARN_DIRECT_OBJC_ISA_USAGE = YES_ERROR;
				CLANG_WARN_DOCUMENTATION_COMMENTS = YES;
				CLANG_WARN_EMPTY_BODY = YES;
				CLANG_WARN_ENUM_CONVERSION = YES;
				CLANG_WARN_INFINITE_RECURSION = YES;
				CLANG_WARN_INT_CONVERSION = YES;
				CLANG_WARN_NON_LITERAL_NULL_CONVERSION = YES;
				CLANG_WARN_OBJC_IMPLICIT_RETAIN_SELF = YES;
				CLANG_WARN_OBJC_LITERAL_CONVERSION = YES;
				CLANG_WARN_OBJC_ROOT_CLASS = YES_ERROR;
				CLANG_WARN_QUOTED_INCLUDE_IN_FRAMEWORK_HEADER = YES;
				CLANG_WARN_RANGE_LOOP_ANALYSIS = YES;
				CLANG_WARN_STRICT_PROTOTYPES = YES;
				CLANG_WARN_SUSPICIOUS_MOVE = YES;
				CLANG_WARN_UNGUARDED_AVAILABILITY = YES_AGGRESSIVE;
				CLANG_WARN_UNREACHABLE_CODE = YES;
				CLANG_WARN__DUPLICATE_METHOD_MATCH = YES;
				COPY_PHASE_STRIP = NO;
				DEBUG_INFORMATION_FORMAT = "dwarf-with-dsym";
				ENABLE_NS_ASSERTIONS = NO;
				ENABLE_STRICT_OBJC_MSGSEND = YES;
				GCC_C_LANGUAGE_STANDARD = gnu11;
				GCC_NO_COMMON_BLOCKS = YES;
				GCC_WARN_64_TO_32_BIT_CONVERSION = YES;
				GCC_WARN_ABOUT_RETURN_TYPE = YES_ERROR;
				GCC_WARN_UNDECLARED_SELECTOR = YES;
				GCC_WARN_UNINITIALIZED_AUTOS = YES_AGGRESSIVE;
				GCC_WARN_UNUSED_FUNCTION = YES;
				GCC_WARN_UNUSED_VARIABLE = YES;
				IPHONEOS_DEPLOYMENT_TARGET = 16.2;
				MTL_ENABLE_DEBUG_INFO = NO;
				MTL_FAST_MATH = YES;
				SDKROOT = iphoneos;
				SWIFT_COMPILATION_MODE = wholemodule;
				SWIFT_OPTIMIZATION_LEVEL = "-O";
				VALIDATE_PRODUCT = YES;
			};
			name = Release;
		};
		EE9E39D92985B106007BADE5 /* Debug */ = {
			isa = XCBuildConfiguration;
			buildSettings = {
				ASSETCATALOG_COMPILER_APPICON_NAME = AppIcon;
				ASSETCATALOG_COMPILER_GLOBAL_ACCENT_COLOR_NAME = AccentColor;
				CODE_SIGN_STYLE = Automatic;
				CURRENT_PROJECT_VERSION = 1;
				GENERATE_INFOPLIST_FILE = YES;
				INFOPLIST_FILE = "UIKit Homeworks/Info.plist";
				INFOPLIST_KEY_UIApplicationSupportsIndirectInputEvents = YES;
				INFOPLIST_KEY_UILaunchStoryboardName = LaunchScreen;
				INFOPLIST_KEY_UIMainStoryboardFile = Main;
				INFOPLIST_KEY_UISupportedInterfaceOrientations_iPad = "UIInterfaceOrientationPortrait UIInterfaceOrientationPortraitUpsideDown UIInterfaceOrientationLandscapeLeft UIInterfaceOrientationLandscapeRight";
				INFOPLIST_KEY_UISupportedInterfaceOrientations_iPhone = "UIInterfaceOrientationPortrait UIInterfaceOrientationLandscapeLeft UIInterfaceOrientationLandscapeRight";
				LD_RUNPATH_SEARCH_PATHS = (
					"$(inherited)",
					"@executable_path/Frameworks",
				);
				MARKETING_VERSION = 1.0;
				PRODUCT_BUNDLE_IDENTIFIER = "grigorchuknastasya.UIKit-Homeworks";
				PRODUCT_NAME = "$(TARGET_NAME)";
				SWIFT_EMIT_LOC_STRINGS = YES;
				SWIFT_VERSION = 5.0;
				TARGETED_DEVICE_FAMILY = "1,2";
			};
			name = Debug;
		};
		EE9E39DA2985B106007BADE5 /* Release */ = {
			isa = XCBuildConfiguration;
			buildSettings = {
				ASSETCATALOG_COMPILER_APPICON_NAME = AppIcon;
				ASSETCATALOG_COMPILER_GLOBAL_ACCENT_COLOR_NAME = AccentColor;
				CODE_SIGN_STYLE = Automatic;
				CURRENT_PROJECT_VERSION = 1;
				GENERATE_INFOPLIST_FILE = YES;
				INFOPLIST_FILE = "UIKit Homeworks/Info.plist";
				INFOPLIST_KEY_UIApplicationSupportsIndirectInputEvents = YES;
				INFOPLIST_KEY_UILaunchStoryboardName = LaunchScreen;
				INFOPLIST_KEY_UIMainStoryboardFile = Main;
				INFOPLIST_KEY_UISupportedInterfaceOrientations_iPad = "UIInterfaceOrientationPortrait UIInterfaceOrientationPortraitUpsideDown UIInterfaceOrientationLandscapeLeft UIInterfaceOrientationLandscapeRight";
				INFOPLIST_KEY_UISupportedInterfaceOrientations_iPhone = "UIInterfaceOrientationPortrait UIInterfaceOrientationLandscapeLeft UIInterfaceOrientationLandscapeRight";
				LD_RUNPATH_SEARCH_PATHS = (
					"$(inherited)",
					"@executable_path/Frameworks",
				);
				MARKETING_VERSION = 1.0;
				PRODUCT_BUNDLE_IDENTIFIER = "grigorchuknastasya.UIKit-Homeworks";
				PRODUCT_NAME = "$(TARGET_NAME)";
				SWIFT_EMIT_LOC_STRINGS = YES;
				SWIFT_VERSION = 5.0;
				TARGETED_DEVICE_FAMILY = "1,2";
			};
			name = Release;
		};
/* End XCBuildConfiguration section */

/* Begin XCConfigurationList section */
		EE9E39BF2985B103007BADE5 /* Build configuration list for PBXProject "UIKit Homeworks" */ = {
			isa = XCConfigurationList;
			buildConfigurations = (
				EE9E39D62985B106007BADE5 /* Debug */,
				EE9E39D72985B106007BADE5 /* Release */,
			);
			defaultConfigurationIsVisible = 0;
			defaultConfigurationName = Release;
		};
		EE9E39D82985B106007BADE5 /* Build configuration list for PBXNativeTarget "UIKit Homeworks" */ = {
			isa = XCConfigurationList;
			buildConfigurations = (
				EE9E39D92985B106007BADE5 /* Debug */,
				EE9E39DA2985B106007BADE5 /* Release */,
			);
			defaultConfigurationIsVisible = 0;
			defaultConfigurationName = Release;
		};
/* End XCConfigurationList section */
	};
	rootObject = EE9E39BC2985B103007BADE5 /* Project object */;
}
